
Microsoft Visual Studio Solution File, Format Version 12.00
# Visual Studio Version 17
VisualStudioVersion = 17.10.35013.160
MinimumVisualStudioVersion = 10.0.40219.1
Project("{FAE04EC0-301F-11D3-BF4B-00C04F79EFBC}") = "WebApplication1", "WebApplication1\WebApplication1.csproj", "{BDC14361-14E0-4302-93A4-7E3B600C12BD}"
EndProject
Global
	GlobalSection(SolutionConfigurationPlatforms) = preSolution
		Debug|Any CPU = Debug|Any CPU
		Release|Any CPU = Release|Any CPU
	EndGlobalSection
	GlobalSection(ProjectConfigurationPlatforms) = postSolution
		{BDC14361-14E0-4302-93A4-7E3B600C12BD}.Debug|Any CPU.ActiveCfg = Debug|Any CPU
		{BDC14361-14E0-4302-93A4-7E3B600C12BD}.Debug|Any CPU.Build.0 = Debug|Any CPU
		{BDC14361-14E0-4302-93A4-7E3B600C12BD}.Release|Any CPU.ActiveCfg = Release|Any CPU
		{BDC14361-14E0-4302-93A4-7E3B600C12BD}.Release|Any CPU.Build.0 = Release|Any CPU
	EndGlobalSection
	GlobalSection(SolutionProperties) = preSolution
		HideSolutionNode = FALSE
	EndGlobalSection
	GlobalSection(ExtensibilityGlobals) = postSolution
		SolutionGuid = {391F1662-13CB-47DA-83C0-6ABCE411F435}
	EndGlobalSection
EndGlobal
